// !$*UTF8*$!
{
	archiveVersion = 1;
	classes = {
	};
	objectVersion = 50;
	objects = {

/* Begin PBXBuildFile section */
		CEDEB1D22448E07E004CC897 /* AppDelegate.swift in Sources */ = {isa = PBXBuildFile; fileRef = CEDEB1D12448E07E004CC897 /* AppDelegate.swift */; };
		CEDEB1D42448E07E004CC897 /* SceneDelegate.swift in Sources */ = {isa = PBXBuildFile; fileRef = CEDEB1D32448E07E004CC897 /* SceneDelegate.swift */; };
		CEDEB1D62448E07E004CC897 /* ViewController.swift in Sources */ = {isa = PBXBuildFile; fileRef = CEDEB1D52448E07E004CC897 /* ViewController.swift */; };
		CEDEB1D92448E07E004CC897 /* Main.storyboard in Resources */ = {isa = PBXBuildFile; fileRef = CEDEB1D72448E07E004CC897 /* Main.storyboard */; };
		CEDEB1DB2448E08F004CC897 /* Assets.xcassets in Resources */ = {isa = PBXBuildFile; fileRef = CEDEB1DA2448E08F004CC897 /* Assets.xcassets */; };
		CEDEB1DE2448E090004CC897 /* LaunchScreen.storyboard in Resources */ = {isa = PBXBuildFile; fileRef = CEDEB1DC2448E090004CC897 /* LaunchScreen.storyboard */; };
/* End PBXBuildFile section */

/* Begin PBXFileReference section */
		CEDEB1CE2448E07E004CC897 /* DiceRandom.app */ = {isa = PBXFileReference; explicitFileType = wrapper.application; includeInIndex = 0; path = DiceRandom.app; sourceTree = BUILT_PRODUCTS_DIR; };
		CEDEB1D12448E07E004CC897 /* AppDelegate.swift */ = {isa = PBXFileReference; lastKnownFileType = sourcecode.swift; path = AppDelegate.swift; sourceTree = "<group>"; };
		CEDEB1D32448E07E004CC897 /* SceneDelegate.swift */ = {isa = PBXFileReference; lastKnownFileType = sourcecode.swift; path = SceneDelegate.swift; sourceTree = "<group>"; };
		CEDEB1D52448E07E004CC897 /* ViewController.swift */ = {isa = PBXFileReference; lastKnownFileType = sourcecode.swift; path = ViewController.swift; sourceTree = "<group>"; };
		CEDEB1D82448E07E004CC897 /* Base */ = {isa = PBXFileReference; lastKnownFileType = file.storyboard; name = Base; path = Base.lproj/Main.storyboard; sourceTree = "<group>"; };
		CEDEB1DA2448E08F004CC897 /* Assets.xcassets */ = {isa = PBXFileReference; lastKnownFileType = folder.assetcatalog; path = Assets.xcassets; sourceTree = "<group>"; };
		CEDEB1DD2448E090004CC897 /* Base */ = {isa = PBXFileReference; lastKnownFileType = file.storyboard; name = Base; path = Base.lproj/LaunchScreen.storyboard; sourceTree = "<group>"; };
		CEDEB1DF2448E090004CC897 /* Info.plist */ = {isa = PBXFileReference; lastKnownFileType = text.plist.xml; path = Info.plist; sourceTree = "<group>"; };
/* End PBXFileReference section */

/* Begin PBXFrameworksBuildPhase section */
		CEDEB1CB2448E07E004CC897 /* Frameworks */ = {
			isa = PBXFrameworksBuildPhase;
			buildActionMask = 2147483647;
			files = (
			);
			runOnlyForDeploymentPostprocessing = 0;
		};
/* End PBXFrameworksBuildPhase section */

/* Begin PBXGroup section */
		CEDEB1C52448E07E004CC897 = {
			isa = PBXGroup;
			children = (
				CEDEB1D02448E07E004CC897 /* DiceRandom */,
				CEDEB1CF2448E07E004CC897 /* Products */,
			);
			sourceTree = "<group>";
		};
		CEDEB1CF2448E07E004CC897 /* Products */ = {
			isa = PBXGroup;
			children = (
				CEDEB1CE2448E07E004CC897 /* DiceRandom.app */,
			);
			name = Products;
			sourceTree = "<group>";
		};
		CEDEB1D02448E07E004CC897 /* DiceRandom */ = {
			isa = PBXGroup;
			children = (
				CEDEB1D12448E07E004CC897 /* AppDelegate.swift */,
				CEDEB1D32448E07E004CC897 /* SceneDelegate.swift */,
				CEDEB1D52448E07E004CC897 /* ViewController.swift */,
				CEDEB1D72448E07E004CC897 /* Main.storyboard */,
				CEDEB1DA2448E08F004CC897 /* Assets.xcassets */,
				CEDEB1DC2448E090004CC897 /* LaunchScreen.storyboard */,
				CEDEB1DF2448E090004CC897 /* Info.plist */,
			);
			path = DiceRandom;
			sourceTree = "<group>";
		};
/* End PBXGroup section */

/* Begin PBXNativeTarget section */
		CEDEB1CD2448E07E004CC897 /* DiceRandom */ = {
			isa = PBXNativeTarget;
			buildConfigurationList = CEDEB1E22448E090004CC897 /* Build configuration list for PBXNativeTarget "DiceRandom" */;
			buildPhases = (
				CEDEB1CA2448E07E004CC897 /* Sources */,
				CEDEB1CB2448E07E004CC897 /* Frameworks */,
				CEDEB1CC2448E07E004CC897 /* Resources */,
			);
			buildRules = (
			);
			dependencies = (
			);
			name = DiceRandom;
			productName = DiceRandom;
			productReference = CEDEB1CE2448E07E004CC897 /* DiceRandom.app */;
			productType = "com.apple.product-type.application";
		};
/* End PBXNativeTarget section */

/* Begin PBXProject section */
		CEDEB1C62448E07E004CC897 /* Project object */ = {
			isa = PBXProject;
			attributes = {
				LastSwiftUpdateCheck = 1140;
				LastUpgradeCheck = 1140;
				ORGANIZATIONNAME = "Abdullah Alsuwayhiri";
				TargetAttributes = {
					CEDEB1CD2448E07E004CC897 = {
						CreatedOnToolsVersion = 11.4;
					};
				};
			};
			buildConfigurationList = CEDEB1C92448E07E004CC897 /* Build configuration list for PBXProject "DiceRandom" */;
			compatibilityVersion = "Xcode 9.3";
			developmentRegion = en;
			hasScannedForEncodings = 0;
			knownRegions = (
				en,
				Base,
			);
			mainGroup = CEDEB1C52448E07E004CC897;
			productRefGroup = CEDEB1CF2448E07E004CC897 /* Products */;
			projectDirPath = "";
			projectRoot = "";
			targets = (
				CEDEB1CD2448E07E004CC897 /* DiceRandom */,
			);
		};
/* End PBXProject section */

/* Begin PBXResourcesBuildPhase section */
		CEDEB1CC2448E07E004CC897 /* Resources */ = {
			isa = PBXResourcesBuildPhase;
			buildActionMask = 2147483647;
			files = (
				CEDEB1DE2448E090004CC897 /* LaunchScreen.storyboard in Resources */,
				CEDEB1DB2448E08F004CC897 /* Assets.xcassets in Resources */,
				CEDEB1D92448E07E004CC897 /* Main.storyboard in Resources */,
			);
			runOnlyForDeploymentPostprocessing = 0;
		};
/* End PBXResourcesBuildPhase section */

/* Begin PBXSourcesBuildPhase section */
		CEDEB1CA2448E07E004CC897 /* Sources */ = {
			isa = PBXSourcesBuildPhase;
			buildActionMask = 2147483647;
			files = (
				CEDEB1D62448E07E004CC897 /* ViewController.swift in Sources */,
				CEDEB1D22448E07E004CC897 /* AppDelegate.swift in Sources */,
				CEDEB1D42448E07E004CC897 /* SceneDelegate.swift in Sources */,
			);
			runOnlyForDeploymentPostprocessing = 0;
		};
/* End PBXSourcesBuildPhase section */

/* Begin PBXVariantGroup section */
		CEDEB1D72448E07E004CC897 /* Main.storyboard */ = {
			isa = PBXVariantGroup;
			children = (
				CEDEB1D82448E07E004CC897 /* Base */,
			);
			name = Main.storyboard;
			sourceTree = "<group>";
		};
		CEDEB1DC2448E090004CC897 /* LaunchScreen.storyboard */ = {
			isa = PBXVariantGroup;
			children = (
				CEDEB1DD2448E090004CC897 /* Base */,
			);
			name = LaunchScreen.storyboard;
			sourceTree = "<group>";
		};
/* End PBXVariantGroup section */

/* Begin XCBuildConfiguration section */
		CEDEB1E02448E090004CC897 /* Debug */ = {
			isa = XCBuildConfiguration;
			buildSettings = {
				ALWAYS_SEARCH_USER_PATHS = NO;
				CLANG_ANALYZER_NONNULL = YES;
				CLANG_ANALYZER_NUMBER_OBJECT_CONVERSION = YES_AGGRESSIVE;
				CLANG_CXX_LANGUAGE_STANDARD = "gnu++14";
				CLANG_CXX_LIBRARY = "libc++";
				CLANG_ENABLE_MODULES = YES;
				CLANG_ENABLE_OBJC_ARC = YES;
				CLANG_ENABLE_OBJC_WEAK = YES;
				CLANG_WARN_BLOCK_CAPTURE_AUTORELEASING = YES;
				CLANG_WARN_BOOL_CONVERSION = YES;
				CLANG_WARN_COMMA = YES;
				CLANG_WARN_CONSTANT_CONVERSION = YES;
				CLANG_WARN_DEPRECATED_OBJC_IMPLEMENTATIONS = YES;
				CLANG_WARN_DIRECT_OBJC_ISA_USAGE = YES_ERROR;
				CLANG_WARN_DOCUMENTATION_COMMENTS = YES;
				CLANG_WARN_EMPTY_BODY = YES;
				CLANG_WARN_ENUM_CONVERSION = YES;
				CLANG_WARN_INFINITE_RECURSION = YES;
				CLANG_WARN_INT_CONVERSION = YES;
				CLANG_WARN_NON_LITERAL_NULL_CONVERSION = YES;
				CLANG_WARN_OBJC_IMPLICIT_RETAIN_SELF = YES;
				CLANG_WARN_OBJC_LITERAL_CONVERSION = YES;
				CLANG_WARN_OBJC_ROOT_CLASS = YES_ERROR;
				CLANG_WARN_RANGE_LOOP_ANALYSIS = YES;
				CLANG_WARN_STRICT_PROTOTYPES = YES;
				CLANG_WARN_SUSPICIOUS_MOVE = YES;
				CLANG_WARN_UNGUARDED_AVAILABILITY = YES_AGGRESSIVE;
				CLANG_WARN_UNREACHABLE_CODE = YES;
				CLANG_WARN__DUPLICATE_METHOD_MATCH = YES;
				COPY_PHASE_STRIP = NO;
				DEBUG_INFORMATION_FORMAT = dwarf;
				ENABLE_STRICT_OBJC_MSGSEND = YES;
				ENABLE_TESTABILITY = YES;
				GCC_C_LANGUAGE_STANDARD = gnu11;
				GCC_DYNAMIC_NO_PIC = NO;
				GCC_NO_COMMON_BLOCKS = YES;
				GCC_OPTIMIZATION_LEVEL = 0;
				GCC_PREPROCESSOR_DEFINITIONS = (
					"DEBUG=1",
					"$(inherited)",
				);
				GCC_WARN_64_TO_32_BIT_CONVERSION = YES;
				GCC_WARN_ABOUT_RETURN_TYPE = YES_ERROR;
				GCC_WARN_UNDECLARED_SELECTOR = YES;
				GCC_WARN_UNINITIALIZED_AUTOS = YES_AGGRESSIVE;
				GCC_WARN_UNUSED_FUNCTION = YES;
				GCC_WARN_UNUSED_VARIABLE = YES;
				IPHONEOS_DEPLOYMENT_TARGET = 13.4;
				MTL_ENABLE_DEBUG_INFO = INCLUDE_SOURCE;
				MTL_FAST_MATH = YES;
				ONLY_ACTIVE_ARCH = YES;
				SDKROOT = iphoneos;
				SWIFT_ACTIVE_COMPILATION_CONDITIONS = DEBUG;
				SWIFT_OPTIMIZATION_LEVEL = "-Onone";
			};
			name = Debug;
		};
		CEDEB1E12448E090004CC897 /* Release */ = {
			isa = XCBuildConfiguration;
			buildSettings = {
				ALWAYS_SEARCH_USER_PATHS = NO;
				CLANG_ANALYZER_NONNULL = YES;
				CLANG_ANALYZER_NUMBER_OBJECT_CONVERSION = YES_AGGRESSIVE;
				CLANG_CXX_LANGUAGE_STANDARD = "gnu++14";
				CLANG_CXX_LIBRARY = "libc++";
				CLANG_ENABLE_MODULES = YES;
				CLANG_ENABLE_OBJC_ARC = YES;
				CLANG_ENABLE_OBJC_WEAK = YES;
				CLANG_WARN_BLOCK_CAPTURE_AUTORELEASING = YES;
				CLANG_WARN_BOOL_CONVERSION = YES;
				CLANG_WARN_COMMA = YES;
				CLANG_WARN_CONSTANT_CONVERSION = YES;
				CLANG_WARN_DEPRECATED_OBJC_IMPLEMENTATIONS = YES;
				CLANG_WARN_DIRECT_OBJC_ISA_USAGE = YES_ERROR;
				CLANG_WARN_DOCUMENTATION_COMMENTS = YES;
				CLANG_WARN_EMPTY_BODY = YES;
				CLANG_WARN_ENUM_CONVERSION = YES;
				CLANG_WARN_INFINITE_RECURSION = YES;
				CLANG_WARN_INT_CONVERSION = YES;
				CLANG_WARN_NON_LITERAL_NULL_CONVERSION = YES;
				CLANG_WARN_OBJC_IMPLICIT_RETAIN_SELF = YES;
				CLANG_WARN_OBJC_LITERAL_CONVERSION = YES;
				CLANG_WARN_OBJC_ROOT_CLASS = YES_ERROR;
				CLANG_WARN_RANGE_LOOP_ANALYSIS = YES;
				CLANG_WARN_STRICT_PROTOTYPES = YES;
				CLANG_WARN_SUSPICIOUS_MOVE = YES;
				CLANG_WARN_UNGUARDED_AVAILABILITY = YES_AGGRESSIVE;
				CLANG_WARN_UNREACHABLE_CODE = YES;
				CLANG_WARN__DUPLICATE_METHOD_MATCH = YES;
				COPY_PHASE_STRIP = NO;
				DEBUG_INFORMATION_FORMAT = "dwarf-with-dsym";
				ENABLE_NS_ASSERTIONS = NO;
				ENABLE_STRICT_OBJC_MSGSEND = YES;
				GCC_C_LANGUAGE_STANDARD = gnu11;
				GCC_NO_COMMON_BLOCKS = YES;
				GCC_WARN_64_TO_32_BIT_CONVERSION = YES;
				GCC_WARN_ABOUT_RETURN_TYPE = YES_ERROR;
				GCC_WARN_UNDECLARED_SELECTOR = YES;
				GCC_WARN_UNINITIALIZED_AUTOS = YES_AGGRESSIVE;
				GCC_WARN_UNUSED_FUNCTION = YES;
				GCC_WARN_UNUSED_VARIABLE = YES;
				IPHONEOS_DEPLOYMENT_TARGET = 13.4;
				MTL_ENABLE_DEBUG_INFO = NO;
				MTL_FAST_MATH = YES;
				SDKROOT = iphoneos;
				SWIFT_COMPILATION_MODE = wholemodule;
				SWIFT_OPTIMIZATION_LEVEL = "-O";
				VALIDATE_PRODUCT = YES;
			};
			name = Release;
		};
		CEDEB1E32448E090004CC897 /* Debug */ = {
			isa = XCBuildConfiguration;
			buildSettings = {
				ASSETCATALOG_COMPILER_APPICON_NAME = AppIcon;
				CODE_SIGN_STYLE = Automatic;
				DEVELOPMENT_TEAM = A4XCWQ59JQ;
				INFOPLIST_FILE = DiceRandom/Info.plist;
				LD_RUNPATH_SEARCH_PATHS = (
					"$(inherited)",
					"@executable_path/Frameworks",
				);
				PRODUCT_BUNDLE_IDENTIFIER = com.abadi.DiceRandom;
				PRODUCT_NAME = "$(TARGET_NAME)";
				SWIFT_VERSION = 5.0;
				TARGETED_DEVICE_FAMILY = "1,2";
			};
			name = Debug;
		};
		CEDEB1E42448E090004CC897 /* Release */ = {
			isa = XCBuildConfiguration;
			buildSettings = {
				ASSETCATALOG_COMPILER_APPICON_NAME = AppIcon;
				CODE_SIGN_STYLE = Automatic;
				DEVELOPMENT_TEAM = A4XCWQ59JQ;
				INFOPLIST_FILE = DiceRandom/Info.plist;
				LD_RUNPATH_SEARCH_PATHS = (
					"$(inherited)",
					"@executable_path/Frameworks",
				);
				PRODUCT_BUNDLE_IDENTIFIER = com.abadi.DiceRandom;
				PRODUCT_NAME = "$(TARGET_NAME)";
				SWIFT_VERSION = 5.0;
				TARGETED_DEVICE_FAMILY = "1,2";
			};
			name = Release;
		};
/* End XCBuildConfiguration section */

/* Begin XCConfigurationList section */
		CEDEB1C92448E07E004CC897 /* Build configuration list for PBXProject "DiceRandom" */ = {
			isa = XCConfigurationList;
			buildConfigurations = (
				CEDEB1E02448E090004CC897 /* Debug */,
				CEDEB1E12448E090004CC897 /* Release */,
			);
			defaultConfigurationIsVisible = 0;
			defaultConfigurationName = Release;
		};
		CEDEB1E22448E090004CC897 /* Build configuration list for PBXNativeTarget "DiceRandom" */ = {
			isa = XCConfigurationList;
			buildConfigurations = (
				CEDEB1E32448E090004CC897 /* Debug */,
				CEDEB1E42448E090004CC897 /* Release */,
			);
			defaultConfigurationIsVisible = 0;
			defaultConfigurationName = Release;
		};
/* End XCConfigurationList section */
	};
	rootObject = CEDEB1C62448E07E004CC897 /* Project object */;
}
